<?xml version="1.0" encoding="UTF-8" standalone="yes" ?>
<CodeBlocks_project_file>
	<FileVersion major="1" minor="6" />
	<Project>
		<Option title="MqttOwfs - Tests" />
		<Option pch_mode="2" />
		<Option compiler="gcc" />
		<Build>
			<Target title="Release">
				<Option output="bin/MqttOwfs" prefix_auto="1" extension_auto="1" />
				<Option working_dir="../.." />
				<Option object_output="obj/" />
				<Option type="1" />
				<Option compiler="gcc" />
				<Option parameters="/Debug" />
				<Compiler>
					<Add option="-O2" />
					<Add option="-std=c++11" />
				</Compiler>
				<Linker>
					<Add option="-s" />
				</Linker>
			</Target>
			<Target title="Debug">
				<Option output="bin/MqttOwfs-Debug" prefix_auto="1" extension_auto="1" />
				<Option object_output="obj/" />
				<Option type="1" />
				<Option compiler="gcc" />
				<Compiler>
					<Add option="-std=c++11" />
					<Add option="-g" />
					<Add option="-DDEBUG" />
				</Compiler>
			</Target>
		</Build>
		<Compiler>
			<Add option="-Wall" />
			<Add option="-std=c++11" />
			<Add option="-m64" />
			<Add option="-fexceptions" />
			<Add directory="../../src" />
			<Add directory="../../dependencies/FragFramework/src" />
			<Add directory="../../dependencies/MqttDaemon/src" />
			<Add directory="../../dependencies/owfscpp/src" />
			<Add directory="../../dependencies/ServiceSkeleton/src" />
			<Add directory="../../dependencies/SimpleFolder/src" />
			<Add directory="../../dependencies/SimpleIni/include" />
			<Add directory="../../dependencies/SimpleLog/src" />
			<Add directory="../../dependencies/SimpleSock/src" />
		</Compiler>
		<Linker>
			<Add option="-m64" />
			<Add library="pthread" />
			<Add library="libpaho-mqtt3a" />
			<Add library="libpaho-mqttpp3" />
			<Add directory="/usr/lib/x86_64-linux-gnu" />
			<Add directory="/usr/local/lib" />
		</Linker>
		<Unit filename="../../dependencies/FragFramework/src/Plateforms.cpp" />
		<Unit filename="../../dependencies/FragFramework/src/Plateforms.h" />
		<Unit filename="../../dependencies/FragFramework/src/SafeFunctions.cpp" />
		<Unit filename="../../dependencies/FragFramework/src/SafeFunctions.h" />
		<Unit filename="../../dependencies/FragFramework/src/StringTools.cpp" />
		<Unit filename="../../dependencies/FragFramework/src/StringTools.h" />
		<Unit filename="../../dependencies/FragFramework/src/UnitTest.cpp" />
		<Unit filename="../../dependencies/FragFramework/src/UnitTest.h" />
		<Unit filename="../../dependencies/FragFramework/src/termcolor.h" />
		<Unit filename="../../dependencies/MqttDaemon/src/MqttBase.cpp" />
		<Unit filename="../../dependencies/MqttDaemon/src/MqttBase.h" />
		<Unit filename="../../dependencies/MqttDaemon/src/MqttClient.cpp" />
		<Unit filename="../../dependencies/MqttDaemon/src/MqttClient.h" />
		<Unit filename="../../dependencies/MqttDaemon/src/MqttDaemon.cpp" />
		<Unit filename="../../dependencies/MqttDaemon/src/MqttDaemon.h" />
		<Unit filename="../../dependencies/ServiceSkeleton/src/Service.cpp" />
		<Unit filename="../../dependencies/ServiceSkeleton/src/Service.h" />
		<Unit filename="../../dependencies/SimpleFolder/src/SimpleFolders.cpp" />
		<Unit filename="../../dependencies/SimpleFolder/src/SimpleFolders.h" />
		<Unit filename="../../dependencies/SimpleIni/include/SimpleIni.h" />
		<Unit filename="../../dependencies/SimpleIni/src/SimpleIni.cpp" />
		<Unit filename="../../dependencies/SimpleLog/src/SimpleLog.cpp" />
		<Unit filename="../../dependencies/SimpleLog/src/SimpleLog.h" />
		<Unit filename="../../dependencies/SimpleLog/src/SimpleLog.inl" />
		<Unit filename="../../dependencies/SimpleSock/src/SimpleSock.cpp" />
		<Unit filename="../../dependencies/SimpleSock/src/SimpleSock.h" />
		<Unit filename="../../dependencies/SimpleSock/src/SimpleSockTCP.cpp" />
		<Unit filename="../../dependencies/SimpleSock/src/SimpleSockTCP.h" />
		<Unit filename="../../dependencies/owfscpp/src/owfscpp.cpp" />
		<Unit filename="../../dependencies/owfscpp/src/owfscpp.h" />
		<Unit filename="../../src/MqttOwfs.cpp" />
		<Unit filename="../../src/MqttOwfs.h" />
		<Unit filename="../../src/owDevice.cpp" />
		<Unit filename="../../src/owDevice.h" />
		<Unit filename="../../test/TestMqttOwfs.cpp" />
		<Unit filename="../../test/TestMqttOwfs.h" />
		<Unit filename="../../test/TestowDevice.cpp" />
		<Unit filename="../../test/TestowDevice.h" />
		<Unit filename="../../test/main.cpp" />
		<Extensions>
			<DoxyBlocks>
				<comment_style block="2" line="2" />
				<doxyfile_project />
				<doxyfile_build />
				<doxyfile_warnings />
				<doxyfile_output />
				<doxyfile_dot />
				<general />
			</DoxyBlocks>
			<lib_finder disable_auto="1" />
		</Extensions>
	</Project>
</CodeBlocks_project_file>
